{
  "name": "ng-on-fhir",
  "version": "0.0.1",
  "lockfileVersion": 1,
  "requires": true,
  "dependencies": {
    "@types/fhir": {
      "version": "0.0.30",
      "resolved": "https://registry.npmjs.org/@types/fhir/-/fhir-0.0.30.tgz",
      "integrity": "sha512-vDU62tUFeAYBVQThiWAfGd6D25TiLLDDS5pV19vim52FLpwWTBliLMvotbF4D/U+BmjxBKIuHGZgFnoh/HtV5g=="
    }
  }
}
